Microsoft Visual Studio Solution File, Format Version 12.00
# Visual Studio 15
Project("{8BC9CEB8-8B4A-11D0-8D11-00A0C91BC942}") = "ALL_BUILD", "ALL_BUILD.vcxproj", "{A62D305E-E795-35C3-9BA0-90EDDC0858B8}"
	ProjectSection(ProjectDependencies) = postProject
		{17CCAE9E-7C64-3D0F-B2A7-88F41B567DEB} = {17CCAE9E-7C64-3D0F-B2A7-88F41B567DEB}
		{50381C1F-C4CE-31EE-8D30-3E6033AD3C55} = {50381C1F-C4CE-31EE-8D30-3E6033AD3C55}
		{9EC5DAD3-1167-3339-BE0C-8506A533A132} = {9EC5DAD3-1167-3339-BE0C-8506A533A132}
		{05224C60-7FC7-36A4-9998-B426BB1466C8} = {05224C60-7FC7-36A4-9998-B426BB1466C8}
		{E39D0E51-F938-3BE3-8AB9-594CC73DF5FE} = {E39D0E51-F938-3BE3-8AB9-594CC73DF5FE}
		{5F843ED6-224B-376E-AB3E-052773D85269} = {5F843ED6-224B-376E-AB3E-052773D85269}
		{C1D6ED3F-2B7D-3CCB-9789-B77B80DF0174} = {C1D6ED3F-2B7D-3CCB-9789-B77B80DF0174}
	EndProjectSection
EndProject
Project("{8BC9CEB8-8B4A-11D0-8D11-00A0C91BC942}") = "Continuous", "test\Continuous.vcxproj", "{8227958C-A5B4-307F-9047-26B57BBDCB90}"
	ProjectSection(ProjectDependencies) = postProject
		{50381C1F-C4CE-31EE-8D30-3E6033AD3C55} = {50381C1F-C4CE-31EE-8D30-3E6033AD3C55}
	EndProjectSection
EndProject
Project("{8BC9CEB8-8B4A-11D0-8D11-00A0C91BC942}") = "Experimental", "test\Experimental.vcxproj", "{5FD63DE6-4E8A-3278-888B-DF86E308BD94}"
	ProjectSection(ProjectDependencies) = postProject
		{50381C1F-C4CE-31EE-8D30-3E6033AD3C55} = {50381C1F-C4CE-31EE-8D30-3E6033AD3C55}
	EndProjectSection
EndProject
Project("{8BC9CEB8-8B4A-11D0-8D11-00A0C91BC942}") = "INSTALL", "INSTALL.vcxproj", "{445CBB17-F280-3BAD-B9EA-79562B926C5F}"
	ProjectSection(ProjectDependencies) = postProject
		{A62D305E-E795-35C3-9BA0-90EDDC0858B8} = {A62D305E-E795-35C3-9BA0-90EDDC0858B8}
		{50381C1F-C4CE-31EE-8D30-3E6033AD3C55} = {50381C1F-C4CE-31EE-8D30-3E6033AD3C55}
	EndProjectSection
EndProject
Project("{8BC9CEB8-8B4A-11D0-8D11-00A0C91BC942}") = "IrrXML", "contrib\irrXML\IrrXML.vcxproj", "{17CCAE9E-7C64-3D0F-B2A7-88F41B567DEB}"
	ProjectSection(ProjectDependencies) = postProject
		{50381C1F-C4CE-31EE-8D30-3E6033AD3C55} = {50381C1F-C4CE-31EE-8D30-3E6033AD3C55}
	EndProjectSection
EndProject
Project("{8BC9CEB8-8B4A-11D0-8D11-00A0C91BC942}") = "Nightly", "test\Nightly.vcxproj", "{CA8B5F26-08A0-3C7F-AE9F-6F4E82F5905C}"
	ProjectSection(ProjectDependencies) = postProject
		{50381C1F-C4CE-31EE-8D30-3E6033AD3C55} = {50381C1F-C4CE-31EE-8D30-3E6033AD3C55}
	EndProjectSection
EndProject
Project("{8BC9CEB8-8B4A-11D0-8D11-00A0C91BC942}") = "NightlyMemoryCheck", "test\NightlyMemoryCheck.vcxproj", "{1C6BCE6D-8AA7-3671-A56A-A13D0A28B51E}"
	ProjectSection(ProjectDependencies) = postProject
		{50381C1F-C4CE-31EE-8D30-3E6033AD3C55} = {50381C1F-C4CE-31EE-8D30-3E6033AD3C55}
	EndProjectSection
EndProject
Project("{8BC9CEB8-8B4A-11D0-8D11-00A0C91BC942}") = "UpdateAssimpLibsDebugSymbolsAndDLLs", "UpdateAssimpLibsDebugSymbolsAndDLLs.vcxproj", "{295CC1DC-D1AA-30A0-B777-6DA711122075}"
	ProjectSection(ProjectDependencies) = postProject
		{50381C1F-C4CE-31EE-8D30-3E6033AD3C55} = {50381C1F-C4CE-31EE-8D30-3E6033AD3C55}
	EndProjectSection
EndProject
Project("{8BC9CEB8-8B4A-11D0-8D11-00A0C91BC942}") = "ZERO_CHECK", "ZERO_CHECK.vcxproj", "{50381C1F-C4CE-31EE-8D30-3E6033AD3C55}"
	ProjectSection(ProjectDependencies) = postProject
	EndProjectSection
EndProject
Project("{8BC9CEB8-8B4A-11D0-8D11-00A0C91BC942}") = "assimp", "code\assimp.vcxproj", "{9EC5DAD3-1167-3339-BE0C-8506A533A132}"
	ProjectSection(ProjectDependencies) = postProject
		{17CCAE9E-7C64-3D0F-B2A7-88F41B567DEB} = {17CCAE9E-7C64-3D0F-B2A7-88F41B567DEB}
		{50381C1F-C4CE-31EE-8D30-3E6033AD3C55} = {50381C1F-C4CE-31EE-8D30-3E6033AD3C55}
		{C1D6ED3F-2B7D-3CCB-9789-B77B80DF0174} = {C1D6ED3F-2B7D-3CCB-9789-B77B80DF0174}
	EndProjectSection
EndProject
Project("{8BC9CEB8-8B4A-11D0-8D11-00A0C91BC942}") = "assimp_cmd", "tools\assimp_cmd\assimp_cmd.vcxproj", "{05224C60-7FC7-36A4-9998-B426BB1466C8}"
	ProjectSection(ProjectDependencies) = postProject
		{17CCAE9E-7C64-3D0F-B2A7-88F41B567DEB} = {17CCAE9E-7C64-3D0F-B2A7-88F41B567DEB}
		{50381C1F-C4CE-31EE-8D30-3E6033AD3C55} = {50381C1F-C4CE-31EE-8D30-3E6033AD3C55}
		{9EC5DAD3-1167-3339-BE0C-8506A533A132} = {9EC5DAD3-1167-3339-BE0C-8506A533A132}
		{C1D6ED3F-2B7D-3CCB-9789-B77B80DF0174} = {C1D6ED3F-2B7D-3CCB-9789-B77B80DF0174}
	EndProjectSection
EndProject
Project("{8BC9CEB8-8B4A-11D0-8D11-00A0C91BC942}") = "uninstall", "uninstall.vcxproj", "{890F2E66-B9D6-3F63-A8C6-A5FCA64CC082}"
	ProjectSection(ProjectDependencies) = postProject
		{50381C1F-C4CE-31EE-8D30-3E6033AD3C55} = {50381C1F-C4CE-31EE-8D30-3E6033AD3C55}
	EndProjectSection
EndProject
Project("{8BC9CEB8-8B4A-11D0-8D11-00A0C91BC942}") = "unit", "test\unit.vcxproj", "{E39D0E51-F938-3BE3-8AB9-594CC73DF5FE}"
	ProjectSection(ProjectDependencies) = postProject
		{17CCAE9E-7C64-3D0F-B2A7-88F41B567DEB} = {17CCAE9E-7C64-3D0F-B2A7-88F41B567DEB}
		{50381C1F-C4CE-31EE-8D30-3E6033AD3C55} = {50381C1F-C4CE-31EE-8D30-3E6033AD3C55}
		{9EC5DAD3-1167-3339-BE0C-8506A533A132} = {9EC5DAD3-1167-3339-BE0C-8506A533A132}
		{C1D6ED3F-2B7D-3CCB-9789-B77B80DF0174} = {C1D6ED3F-2B7D-3CCB-9789-B77B80DF0174}
	EndProjectSection
EndProject
Project("{8BC9CEB8-8B4A-11D0-8D11-00A0C91BC942}") = "zlib", "contrib\zlib\zlib.vcxproj", "{5F843ED6-224B-376E-AB3E-052773D85269}"
	ProjectSection(ProjectDependencies) = postProject
		{50381C1F-C4CE-31EE-8D30-3E6033AD3C55} = {50381C1F-C4CE-31EE-8D30-3E6033AD3C55}
	EndProjectSection
EndProject
Project("{8BC9CEB8-8B4A-11D0-8D11-00A0C91BC942}") = "zlibstatic", "contrib\zlib\zlibstatic.vcxproj", "{C1D6ED3F-2B7D-3CCB-9789-B77B80DF0174}"
	ProjectSection(ProjectDependencies) = postProject
		{50381C1F-C4CE-31EE-8D30-3E6033AD3C55} = {50381C1F-C4CE-31EE-8D30-3E6033AD3C55}
	EndProjectSection
EndProject
Global
	GlobalSection(SolutionConfigurationPlatforms) = preSolution
		Debug|Win32 = Debug|Win32
		Release|Win32 = Release|Win32
		MinSizeRel|Win32 = MinSizeRel|Win32
		RelWithDebInfo|Win32 = RelWithDebInfo|Win32
	EndGlobalSection
	GlobalSection(ProjectConfigurationPlatforms) = postSolution
		{A62D305E-E795-35C3-9BA0-90EDDC0858B8}.Debug|Win32.ActiveCfg = Debug|Win32
		{A62D305E-E795-35C3-9BA0-90EDDC0858B8}.Debug|Win32.Build.0 = Debug|Win32
		{A62D305E-E795-35C3-9BA0-90EDDC0858B8}.Release|Win32.ActiveCfg = Release|Win32
		{A62D305E-E795-35C3-9BA0-90EDDC0858B8}.Release|Win32.Build.0 = Release|Win32
		{A62D305E-E795-35C3-9BA0-90EDDC0858B8}.MinSizeRel|Win32.ActiveCfg = MinSizeRel|Win32
		{A62D305E-E795-35C3-9BA0-90EDDC0858B8}.MinSizeRel|Win32.Build.0 = MinSizeRel|Win32
		{A62D305E-E795-35C3-9BA0-90EDDC0858B8}.RelWithDebInfo|Win32.ActiveCfg = RelWithDebInfo|Win32
		{A62D305E-E795-35C3-9BA0-90EDDC0858B8}.RelWithDebInfo|Win32.Build.0 = RelWithDebInfo|Win32
		{8227958C-A5B4-307F-9047-26B57BBDCB90}.Debug|Win32.ActiveCfg = Debug|Win32
		{8227958C-A5B4-307F-9047-26B57BBDCB90}.Release|Win32.ActiveCfg = Release|Win32
		{8227958C-A5B4-307F-9047-26B57BBDCB90}.MinSizeRel|Win32.ActiveCfg = MinSizeRel|Win32
		{8227958C-A5B4-307F-9047-26B57BBDCB90}.RelWithDebInfo|Win32.ActiveCfg = RelWithDebInfo|Win32
		{5FD63DE6-4E8A-3278-888B-DF86E308BD94}.Debug|Win32.ActiveCfg = Debug|Win32
		{5FD63DE6-4E8A-3278-888B-DF86E308BD94}.Release|Win32.ActiveCfg = Release|Win32
		{5FD63DE6-4E8A-3278-888B-DF86E308BD94}.MinSizeRel|Win32.ActiveCfg = MinSizeRel|Win32
		{5FD63DE6-4E8A-3278-888B-DF86E308BD94}.RelWithDebInfo|Win32.ActiveCfg = RelWithDebInfo|Win32
		{445CBB17-F280-3BAD-B9EA-79562B926C5F}.Debug|Win32.ActiveCfg = Debug|Win32
		{445CBB17-F280-3BAD-B9EA-79562B926C5F}.Release|Win32.ActiveCfg = Release|Win32
		{445CBB17-F280-3BAD-B9EA-79562B926C5F}.MinSizeRel|Win32.ActiveCfg = MinSizeRel|Win32
		{445CBB17-F280-3BAD-B9EA-79562B926C5F}.RelWithDebInfo|Win32.ActiveCfg = RelWithDebInfo|Win32
		{17CCAE9E-7C64-3D0F-B2A7-88F41B567DEB}.Debug|Win32.ActiveCfg = Debug|Win32
		{17CCAE9E-7C64-3D0F-B2A7-88F41B567DEB}.Debug|Win32.Build.0 = Debug|Win32
		{17CCAE9E-7C64-3D0F-B2A7-88F41B567DEB}.Release|Win32.ActiveCfg = Release|Win32
		{17CCAE9E-7C64-3D0F-B2A7-88F41B567DEB}.Release|Win32.Build.0 = Release|Win32
		{17CCAE9E-7C64-3D0F-B2A7-88F41B567DEB}.MinSizeRel|Win32.ActiveCfg = MinSizeRel|Win32
		{17CCAE9E-7C64-3D0F-B2A7-88F41B567DEB}.MinSizeRel|Win32.Build.0 = MinSizeRel|Win32
		{17CCAE9E-7C64-3D0F-B2A7-88F41B567DEB}.RelWithDebInfo|Win32.ActiveCfg = RelWithDebInfo|Win32
		{17CCAE9E-7C64-3D0F-B2A7-88F41B567DEB}.RelWithDebInfo|Win32.Build.0 = RelWithDebInfo|Win32
		{CA8B5F26-08A0-3C7F-AE9F-6F4E82F5905C}.Debug|Win32.ActiveCfg = Debug|Win32
		{CA8B5F26-08A0-3C7F-AE9F-6F4E82F5905C}.Release|Win32.ActiveCfg = Release|Win32
		{CA8B5F26-08A0-3C7F-AE9F-6F4E82F5905C}.MinSizeRel|Win32.ActiveCfg = MinSizeRel|Win32
		{CA8B5F26-08A0-3C7F-AE9F-6F4E82F5905C}.RelWithDebInfo|Win32.ActiveCfg = RelWithDebInfo|Win32
		{1C6BCE6D-8AA7-3671-A56A-A13D0A28B51E}.Debug|Win32.ActiveCfg = Debug|Win32
		{1C6BCE6D-8AA7-3671-A56A-A13D0A28B51E}.Release|Win32.ActiveCfg = Release|Win32
		{1C6BCE6D-8AA7-3671-A56A-A13D0A28B51E}.MinSizeRel|Win32.ActiveCfg = MinSizeRel|Win32
		{1C6BCE6D-8AA7-3671-A56A-A13D0A28B51E}.RelWithDebInfo|Win32.ActiveCfg = RelWithDebInfo|Win32
		{295CC1DC-D1AA-30A0-B777-6DA711122075}.Debug|Win32.ActiveCfg = Debug|Win32
		{295CC1DC-D1AA-30A0-B777-6DA711122075}.Release|Win32.ActiveCfg = Release|Win32
		{295CC1DC-D1AA-30A0-B777-6DA711122075}.MinSizeRel|Win32.ActiveCfg = MinSizeRel|Win32
		{295CC1DC-D1AA-30A0-B777-6DA711122075}.RelWithDebInfo|Win32.ActiveCfg = RelWithDebInfo|Win32
		{50381C1F-C4CE-31EE-8D30-3E6033AD3C55}.Debug|Win32.ActiveCfg = Debug|Win32
		{50381C1F-C4CE-31EE-8D30-3E6033AD3C55}.Debug|Win32.Build.0 = Debug|Win32
		{50381C1F-C4CE-31EE-8D30-3E6033AD3C55}.Release|Win32.ActiveCfg = Release|Win32
		{50381C1F-C4CE-31EE-8D30-3E6033AD3C55}.Release|Win32.Build.0 = Release|Win32
		{50381C1F-C4CE-31EE-8D30-3E6033AD3C55}.MinSizeRel|Win32.ActiveCfg = MinSizeRel|Win32
		{50381C1F-C4CE-31EE-8D30-3E6033AD3C55}.MinSizeRel|Win32.Build.0 = MinSizeRel|Win32
		{50381C1F-C4CE-31EE-8D30-3E6033AD3C55}.RelWithDebInfo|Win32.ActiveCfg = RelWithDebInfo|Win32
		{50381C1F-C4CE-31EE-8D30-3E6033AD3C55}.RelWithDebInfo|Win32.Build.0 = RelWithDebInfo|Win32
		{9EC5DAD3-1167-3339-BE0C-8506A533A132}.Debug|Win32.ActiveCfg = Debug|Win32
		{9EC5DAD3-1167-3339-BE0C-8506A533A132}.Debug|Win32.Build.0 = Debug|Win32
		{9EC5DAD3-1167-3339-BE0C-8506A533A132}.Release|Win32.ActiveCfg = Release|Win32
		{9EC5DAD3-1167-3339-BE0C-8506A533A132}.Release|Win32.Build.0 = Release|Win32
		{9EC5DAD3-1167-3339-BE0C-8506A533A132}.MinSizeRel|Win32.ActiveCfg = MinSizeRel|Win32
		{9EC5DAD3-1167-3339-BE0C-8506A533A132}.MinSizeRel|Win32.Build.0 = MinSizeRel|Win32
		{9EC5DAD3-1167-3339-BE0C-8506A533A132}.RelWithDebInfo|Win32.ActiveCfg = RelWithDebInfo|Win32
		{9EC5DAD3-1167-3339-BE0C-8506A533A132}.RelWithDebInfo|Win32.Build.0 = RelWithDebInfo|Win32
		{05224C60-7FC7-36A4-9998-B426BB1466C8}.Debug|Win32.ActiveCfg = Debug|Win32
		{05224C60-7FC7-36A4-9998-B426BB1466C8}.Debug|Win32.Build.0 = Debug|Win32
		{05224C60-7FC7-36A4-9998-B426BB1466C8}.Release|Win32.ActiveCfg = Release|Win32
		{05224C60-7FC7-36A4-9998-B426BB1466C8}.Release|Win32.Build.0 = Release|Win32
		{05224C60-7FC7-36A4-9998-B426BB1466C8}.MinSizeRel|Win32.ActiveCfg = MinSizeRel|Win32
		{05224C60-7FC7-36A4-9998-B426BB1466C8}.MinSizeRel|Win32.Build.0 = MinSizeRel|Win32
		{05224C60-7FC7-36A4-9998-B426BB1466C8}.RelWithDebInfo|Win32.ActiveCfg = RelWithDebInfo|Win32
		{05224C60-7FC7-36A4-9998-B426BB1466C8}.RelWithDebInfo|Win32.Build.0 = RelWithDebInfo|Win32
		{890F2E66-B9D6-3F63-A8C6-A5FCA64CC082}.Debug|Win32.ActiveCfg = Debug|Win32
		{890F2E66-B9D6-3F63-A8C6-A5FCA64CC082}.Release|Win32.ActiveCfg = Release|Win32
		{890F2E66-B9D6-3F63-A8C6-A5FCA64CC082}.MinSizeRel|Win32.ActiveCfg = MinSizeRel|Win32
		{890F2E66-B9D6-3F63-A8C6-A5FCA64CC082}.RelWithDebInfo|Win32.ActiveCfg = RelWithDebInfo|Win32
		{E39D0E51-F938-3BE3-8AB9-594CC73DF5FE}.Debug|Win32.ActiveCfg = Debug|Win32
		{E39D0E51-F938-3BE3-8AB9-594CC73DF5FE}.Debug|Win32.Build.0 = Debug|Win32
		{E39D0E51-F938-3BE3-8AB9-594CC73DF5FE}.Release|Win32.ActiveCfg = Release|Win32
		{E39D0E51-F938-3BE3-8AB9-594CC73DF5FE}.Release|Win32.Build.0 = Release|Win32
		{E39D0E51-F938-3BE3-8AB9-594CC73DF5FE}.MinSizeRel|Win32.ActiveCfg = MinSizeRel|Win32
		{E39D0E51-F938-3BE3-8AB9-594CC73DF5FE}.MinSizeRel|Win32.Build.0 = MinSizeRel|Win32
		{E39D0E51-F938-3BE3-8AB9-594CC73DF5FE}.RelWithDebInfo|Win32.ActiveCfg = RelWithDebInfo|Win32
		{E39D0E51-F938-3BE3-8AB9-594CC73DF5FE}.RelWithDebInfo|Win32.Build.0 = RelWithDebInfo|Win32
		{5F843ED6-224B-376E-AB3E-052773D85269}.Debug|Win32.ActiveCfg = Debug|Win32
		{5F843ED6-224B-376E-AB3E-052773D85269}.Debug|Win32.Build.0 = Debug|Win32
		{5F843ED6-224B-376E-AB3E-052773D85269}.Release|Win32.ActiveCfg = Release|Win32
		{5F843ED6-224B-376E-AB3E-052773D85269}.Release|Win32.Build.0 = Release|Win32
		{5F843ED6-224B-376E-AB3E-052773D85269}.MinSizeRel|Win32.ActiveCfg = MinSizeRel|Win32
		{5F843ED6-224B-376E-AB3E-052773D85269}.MinSizeRel|Win32.Build.0 = MinSizeRel|Win32
		{5F843ED6-224B-376E-AB3E-052773D85269}.RelWithDebInfo|Win32.ActiveCfg = RelWithDebInfo|Win32
		{5F843ED6-224B-376E-AB3E-052773D85269}.RelWithDebInfo|Win32.Build.0 = RelWithDebInfo|Win32
		{C1D6ED3F-2B7D-3CCB-9789-B77B80DF0174}.Debug|Win32.ActiveCfg = Debug|Win32
		{C1D6ED3F-2B7D-3CCB-9789-B77B80DF0174}.Debug|Win32.Build.0 = Debug|Win32
		{C1D6ED3F-2B7D-3CCB-9789-B77B80DF0174}.Release|Win32.ActiveCfg = Release|Win32
		{C1D6ED3F-2B7D-3CCB-9789-B77B80DF0174}.Release|Win32.Build.0 = Release|Win32
		{C1D6ED3F-2B7D-3CCB-9789-B77B80DF0174}.MinSizeRel|Win32.ActiveCfg = MinSizeRel|Win32
		{C1D6ED3F-2B7D-3CCB-9789-B77B80DF0174}.MinSizeRel|Win32.Build.0 = MinSizeRel|Win32
		{C1D6ED3F-2B7D-3CCB-9789-B77B80DF0174}.RelWithDebInfo|Win32.ActiveCfg = RelWithDebInfo|Win32
		{C1D6ED3F-2B7D-3CCB-9789-B77B80DF0174}.RelWithDebInfo|Win32.Build.0 = RelWithDebInfo|Win32
	EndGlobalSection
	GlobalSection(ExtensibilityGlobals) = postSolution
		SolutionGuid = {903B8DD8-495C-3394-893F-A1C5CEE07164}
	EndGlobalSection
	GlobalSection(ExtensibilityAddIns) = postSolution
	EndGlobalSection
EndGlobal
